
Microsoft Visual Studio Solution File, Format Version 12.00
# Visual Studio Version 17
VisualStudioVersion = 17.4.33103.184
MinimumVisualStudioVersion = 10.0.40219.1
Project("{9A19103F-16F7-4668-BE54-9A1E7A4F7556}") = "Minesweeper", "Minesweeper\Minesweeper.csproj", "{041D342E-3D22-4AB4-B7DD-76C47ED54AA6}"
EndProject
Global
	GlobalSection(SolutionConfigurationPlatforms) = preSolution
		Debug|Any CPU = Debug|Any CPU
		Release|Any CPU = Release|Any CPU
	EndGlobalSection
	GlobalSection(ProjectConfigurationPlatforms) = postSolution
		{041D342E-3D22-4AB4-B7DD-76C47ED54AA6}.Debug|Any CPU.ActiveCfg = Debug|Any CPU
		{041D342E-3D22-4AB4-B7DD-76C47ED54AA6}.Debug|Any CPU.Build.0 = Debug|Any CPU
		{041D342E-3D22-4AB4-B7DD-76C47ED54AA6}.Release|Any CPU.ActiveCfg = Release|Any CPU
		{041D342E-3D22-4AB4-B7DD-76C47ED54AA6}.Release|Any CPU.Build.0 = Release|Any CPU
	EndGlobalSection
	GlobalSection(SolutionProperties) = preSolution
		HideSolutionNode = FALSE
	EndGlobalSection
	GlobalSection(ExtensibilityGlobals) = postSolution
		SolutionGuid = {1F8A0EB2-7518-4CEC-A2B6-6B1A0027202F}
	EndGlobalSection
EndGlobal
